
Microsoft Visual Studio Solution File, Format Version 12.00
# Visual Studio Version 17
VisualStudioVersion = 17.0.31903.59
MinimumVisualStudioVersion = 10.0.40219.1
Project("{FAE04EC0-301F-11D3-BF4B-00C04F79EFBC}") = "API", "API\API.csproj", "{AFAC8A7C-AFA4-4FED-A5FB-736F0B8B68B8}"
EndProject
Global
	GlobalSection(SolutionConfigurationPlatforms) = preSolution
		Debug|Any CPU = Debug|Any CPU
		Release|Any CPU = Release|Any CPU
	EndGlobalSection
	GlobalSection(SolutionProperties) = preSolution
		HideSolutionNode = FALSE
	EndGlobalSection
	GlobalSection(ProjectConfigurationPlatforms) = postSolution
		{AFAC8A7C-AFA4-4FED-A5FB-736F0B8B68B8}.Debug|Any CPU.ActiveCfg = Debug|Any CPU
		{AFAC8A7C-AFA4-4FED-A5FB-736F0B8B68B8}.Debug|Any CPU.Build.0 = Debug|Any CPU
		{AFAC8A7C-AFA4-4FED-A5FB-736F0B8B68B8}.Release|Any CPU.ActiveCfg = Release|Any CPU
		{AFAC8A7C-AFA4-4FED-A5FB-736F0B8B68B8}.Release|Any CPU.Build.0 = Release|Any CPU
	EndGlobalSection
EndGlobal
